
Microsoft Visual Studio Solution File, Format Version 12.00
# Visual Studio 15
VisualStudioVersion = 15.0.26430.13
MinimumVisualStudioVersion = 10.0.40219.1
Project("{FAE04EC0-301F-11D3-BF4B-00C04F79EFBC}") = "SuperHero.CompositionRoot", "SuperHero.CompositionRoot\SuperHero.CompositionRoot.csproj", "{996165B2-8D65-4867-8584-35ED90F1D0EC}"
EndProject
Project("{FAE04EC0-301F-11D3-BF4B-00C04F79EFBC}") = "SuperHero.View", "SuperHero.View\SuperHero.View.csproj", "{1A22FAF1-F286-406C-A598-64D17BA9FCB7}"
EndProject
Project("{FAE04EC0-301F-11D3-BF4B-00C04F79EFBC}") = "SuperHero.Presentation", "SuperHero.Presentation\SuperHero.Presentation.csproj", "{D4EAB81D-38C0-4533-9EC1-61803B69C0A2}"
EndProject
Project("{FAE04EC0-301F-11D3-BF4B-00C04F79EFBC}") = "SuperHero.Repository", "SuperHero.Repository\SuperHero.Repository.csproj", "{41EACE42-3A91-4023-B49A-115C26887ACD}"
EndProject
Project("{FAE04EC0-301F-11D3-BF4B-00C04F79EFBC}") = "SuperHero.Common", "SuperHero.Common\SuperHero.Common.csproj", "{52C35692-9CF7-48EC-AD8C-90AE01AC2E94}"
EndProject
Project("{FAE04EC0-301F-11D3-BF4B-00C04F79EFBC}") = "SuperHero.Data", "SuperHero.Data\SuperHero.Data.csproj", "{A864C714-6219-4EFD-8DFA-67183C1610B3}"
EndProject
Project("{FAE04EC0-301F-11D3-BF4B-00C04F79EFBC}") = "SuperHero.BattleResearch", "SuperHero.FightAlgorithm\SuperHero.BattleResearch.csproj", "{358981ED-2393-4BBF-B690-86800BF1005E}"
EndProject
Project("{2150E333-8FDC-42A3-9474-1A3956D46DE8}") = "1. Composition Root", "1. Composition Root", "{1B2EF4E7-6D21-4EEC-9342-6C32CD1D846B}"
EndProject
Project("{2150E333-8FDC-42A3-9474-1A3956D46DE8}") = "2. Views", "2. Views", "{4BFDE3D6-1302-4BC9-8787-B4CBADCBD0AA}"
EndProject
Project("{2150E333-8FDC-42A3-9474-1A3956D46DE8}") = "3. Presentation", "3. Presentation", "{787225BF-23C0-4110-85E0-13AF72D296FB}"
EndProject
Project("{2150E333-8FDC-42A3-9474-1A3956D46DE8}") = "4. Repositories", "4. Repositories", "{C0359044-3FA4-4889-B257-A9909C36E1C4}"
EndProject
Project("{2150E333-8FDC-42A3-9474-1A3956D46DE8}") = "5. Data Layer", "5. Data Layer", "{B3A4A3D5-BA09-4343-991E-528AE98041E7}"
EndProject
Project("{2150E333-8FDC-42A3-9474-1A3956D46DE8}") = "6. Business Logic", "6. Business Logic", "{8BF5C106-A8C4-4CF4-AFAF-5771F42B2C9A}"
EndProject
Project("{2150E333-8FDC-42A3-9474-1A3956D46DE8}") = "7. Shared Components", "7. Shared Components", "{A2C700A2-24F7-4D94-BD19-FFD243E67A0D}"
EndProject
Project("{2150E333-8FDC-42A3-9474-1A3956D46DE8}") = "8. Tests", "8. Tests", "{D9B9C811-B5AE-4E94-9952-DA4D1A57282F}"
EndProject
Project("{FAE04EC0-301F-11D3-BF4B-00C04F79EFBC}") = "SuperHero.Presentation.Tests", "SuperHero.Presentation.Tests\SuperHero.Presentation.Tests.csproj", "{085B0027-93E4-4854-8991-03735C8709E5}"
EndProject
Global
	GlobalSection(SolutionConfigurationPlatforms) = preSolution
		Debug|Any CPU = Debug|Any CPU
		Release|Any CPU = Release|Any CPU
	EndGlobalSection
	GlobalSection(ProjectConfigurationPlatforms) = postSolution
		{996165B2-8D65-4867-8584-35ED90F1D0EC}.Debug|Any CPU.ActiveCfg = Debug|Any CPU
		{996165B2-8D65-4867-8584-35ED90F1D0EC}.Debug|Any CPU.Build.0 = Debug|Any CPU
		{996165B2-8D65-4867-8584-35ED90F1D0EC}.Release|Any CPU.ActiveCfg = Release|Any CPU
		{996165B2-8D65-4867-8584-35ED90F1D0EC}.Release|Any CPU.Build.0 = Release|Any CPU
		{1A22FAF1-F286-406C-A598-64D17BA9FCB7}.Debug|Any CPU.ActiveCfg = Debug|Any CPU
		{1A22FAF1-F286-406C-A598-64D17BA9FCB7}.Debug|Any CPU.Build.0 = Debug|Any CPU
		{1A22FAF1-F286-406C-A598-64D17BA9FCB7}.Release|Any CPU.ActiveCfg = Release|Any CPU
		{1A22FAF1-F286-406C-A598-64D17BA9FCB7}.Release|Any CPU.Build.0 = Release|Any CPU
		{D4EAB81D-38C0-4533-9EC1-61803B69C0A2}.Debug|Any CPU.ActiveCfg = Debug|Any CPU
		{D4EAB81D-38C0-4533-9EC1-61803B69C0A2}.Debug|Any CPU.Build.0 = Debug|Any CPU
		{D4EAB81D-38C0-4533-9EC1-61803B69C0A2}.Release|Any CPU.ActiveCfg = Release|Any CPU
		{D4EAB81D-38C0-4533-9EC1-61803B69C0A2}.Release|Any CPU.Build.0 = Release|Any CPU
		{41EACE42-3A91-4023-B49A-115C26887ACD}.Debug|Any CPU.ActiveCfg = Debug|Any CPU
		{41EACE42-3A91-4023-B49A-115C26887ACD}.Debug|Any CPU.Build.0 = Debug|Any CPU
		{41EACE42-3A91-4023-B49A-115C26887ACD}.Release|Any CPU.ActiveCfg = Release|Any CPU
		{41EACE42-3A91-4023-B49A-115C26887ACD}.Release|Any CPU.Build.0 = Release|Any CPU
		{52C35692-9CF7-48EC-AD8C-90AE01AC2E94}.Debug|Any CPU.ActiveCfg = Debug|Any CPU
		{52C35692-9CF7-48EC-AD8C-90AE01AC2E94}.Debug|Any CPU.Build.0 = Debug|Any CPU
		{52C35692-9CF7-48EC-AD8C-90AE01AC2E94}.Release|Any CPU.ActiveCfg = Release|Any CPU
		{52C35692-9CF7-48EC-AD8C-90AE01AC2E94}.Release|Any CPU.Build.0 = Release|Any CPU
		{A864C714-6219-4EFD-8DFA-67183C1610B3}.Debug|Any CPU.ActiveCfg = Debug|Any CPU
		{A864C714-6219-4EFD-8DFA-67183C1610B3}.Debug|Any CPU.Build.0 = Debug|Any CPU
		{A864C714-6219-4EFD-8DFA-67183C1610B3}.Release|Any CPU.ActiveCfg = Release|Any CPU
		{A864C714-6219-4EFD-8DFA-67183C1610B3}.Release|Any CPU.Build.0 = Release|Any CPU
		{358981ED-2393-4BBF-B690-86800BF1005E}.Debug|Any CPU.ActiveCfg = Debug|Any CPU
		{358981ED-2393-4BBF-B690-86800BF1005E}.Debug|Any CPU.Build.0 = Debug|Any CPU
		{358981ED-2393-4BBF-B690-86800BF1005E}.Release|Any CPU.ActiveCfg = Release|Any CPU
		{358981ED-2393-4BBF-B690-86800BF1005E}.Release|Any CPU.Build.0 = Release|Any CPU
		{085B0027-93E4-4854-8991-03735C8709E5}.Debug|Any CPU.ActiveCfg = Debug|Any CPU
		{085B0027-93E4-4854-8991-03735C8709E5}.Debug|Any CPU.Build.0 = Debug|Any CPU
		{085B0027-93E4-4854-8991-03735C8709E5}.Release|Any CPU.ActiveCfg = Release|Any CPU
		{085B0027-93E4-4854-8991-03735C8709E5}.Release|Any CPU.Build.0 = Release|Any CPU
	EndGlobalSection
	GlobalSection(SolutionProperties) = preSolution
		HideSolutionNode = FALSE
	EndGlobalSection
	GlobalSection(NestedProjects) = preSolution
		{996165B2-8D65-4867-8584-35ED90F1D0EC} = {1B2EF4E7-6D21-4EEC-9342-6C32CD1D846B}
		{1A22FAF1-F286-406C-A598-64D17BA9FCB7} = {4BFDE3D6-1302-4BC9-8787-B4CBADCBD0AA}
		{D4EAB81D-38C0-4533-9EC1-61803B69C0A2} = {787225BF-23C0-4110-85E0-13AF72D296FB}
		{41EACE42-3A91-4023-B49A-115C26887ACD} = {C0359044-3FA4-4889-B257-A9909C36E1C4}
		{52C35692-9CF7-48EC-AD8C-90AE01AC2E94} = {A2C700A2-24F7-4D94-BD19-FFD243E67A0D}
		{A864C714-6219-4EFD-8DFA-67183C1610B3} = {B3A4A3D5-BA09-4343-991E-528AE98041E7}
		{358981ED-2393-4BBF-B690-86800BF1005E} = {8BF5C106-A8C4-4CF4-AFAF-5771F42B2C9A}
		{085B0027-93E4-4854-8991-03735C8709E5} = {D9B9C811-B5AE-4E94-9952-DA4D1A57282F}
	EndGlobalSection
EndGlobal
